
Microsoft Visual Studio Solution File, Format Version 12.00
# Visual Studio Version 17
VisualStudioVersion = 17.7.34031.279
MinimumVisualStudioVersion = 10.0.40219.1
Project("{FAE04EC0-301F-11D3-BF4B-00C04F79EFBC}") = "DictCc", "DictCc\DictCc.csproj", "{3975CD6F-464C-4194-A845-A30834880EA7}"
EndProject
Global
	GlobalSection(SolutionConfigurationPlatforms) = preSolution
		Debug|Any CPU = Debug|Any CPU
		Release|Any CPU = Release|Any CPU
	EndGlobalSection
	GlobalSection(ProjectConfigurationPlatforms) = postSolution
		{3975CD6F-464C-4194-A845-A30834880EA7}.Debug|Any CPU.ActiveCfg = Debug|Any CPU
		{3975CD6F-464C-4194-A845-A30834880EA7}.Debug|Any CPU.Build.0 = Debug|Any CPU
		{3975CD6F-464C-4194-A845-A30834880EA7}.Release|Any CPU.ActiveCfg = Release|Any CPU
		{3975CD6F-464C-4194-A845-A30834880EA7}.Release|Any CPU.Build.0 = Release|Any CPU
	EndGlobalSection
	GlobalSection(SolutionProperties) = preSolution
		HideSolutionNode = FALSE
	EndGlobalSection
	GlobalSection(ExtensibilityGlobals) = postSolution
		SolutionGuid = {2D4FFF1F-8AC7-41F8-8298-EDDC3B760525}
	EndGlobalSection
EndGlobal
